
Microsoft Visual Studio Solution File, Format Version 12.00
# Visual Studio Version 17
VisualStudioVersion = 17.4.33122.133
MinimumVisualStudioVersion = 10.0.40219.1
Project("{FAE04EC0-301F-11D3-BF4B-00C04F79EFBC}") = "Dijkstra Vietnam", "Dijkstra Vietnam.csproj", "{2293A4FA-E8CF-4BCE-87C3-ACE68168878B}"
EndProject
Global
	GlobalSection(SolutionConfigurationPlatforms) = preSolution
		Debug|Any CPU = Debug|Any CPU
		Release|Any CPU = Release|Any CPU
	EndGlobalSection
	GlobalSection(ProjectConfigurationPlatforms) = postSolution
		{2293A4FA-E8CF-4BCE-87C3-ACE68168878B}.Debug|Any CPU.ActiveCfg = Debug|Any CPU
		{2293A4FA-E8CF-4BCE-87C3-ACE68168878B}.Debug|Any CPU.Build.0 = Debug|Any CPU
		{2293A4FA-E8CF-4BCE-87C3-ACE68168878B}.Release|Any CPU.ActiveCfg = Release|Any CPU
		{2293A4FA-E8CF-4BCE-87C3-ACE68168878B}.Release|Any CPU.Build.0 = Release|Any CPU
	EndGlobalSection
	GlobalSection(SolutionProperties) = preSolution
		HideSolutionNode = FALSE
	EndGlobalSection
	GlobalSection(ExtensibilityGlobals) = postSolution
		SolutionGuid = {E9A4D943-5C06-4274-B1AB-DCCEB80E9B29}
	EndGlobalSection
EndGlobal
